{
  "requires": true,
  "lockfileVersion": 1,
  "dependencies": {
    "@babel/helper-plugin-utils": {
      "version": "7.8.3",
      "resolved": "https://registry.npmjs.org/@babel/helper-plugin-utils/-/helper-plugin-utils-7.8.3.tgz",
      "integrity": "sha512-j+fq49Xds2smCUNYmEHF9kGNkhbet6yVIBp4e6oeQpH1RUs/Ir06xUKzDjDkGcaaokPiTNs2JBWHjaE4csUkZQ=="
    },
    "@babel/helper-validator-identifier": {
      "version": "7.9.5",
      "resolved": "https://registry.npmjs.org/@babel/helper-validator-identifier/-/helper-validator-identifier-7.9.5.tgz",
      "integrity": "sha512-/8arLKUFq882w4tWGj9JYzRpAlZgiWUJ+dtteNTDqrRBz9Iguck9Rn3ykuBDoUwh2TO4tSAJlrxDUOXWklJe4g=="
    },
    "@babel/parser": {
      "version": "7.9.6",
      "resolved": "https://registry.npmjs.org/@babel/parser/-/parser-7.9.6.tgz",
      "integrity": "sha512-AoeIEJn8vt+d/6+PXDRPaksYhnlbMIiejioBZvvMQsOjW/JYK6k/0dKnvvP3EhK5GfMBWDPtrxRtegWdAcdq9Q=="
    },
    "@bcoe/v8-coverage": {
      "version": "0.2.3",
      "resolved": "https://registry.npmjs.org/@bcoe/v8-coverage/-/v8-coverage-0.2.3.tgz",
      "integrity": "sha512-0hYQ8SB4Db5zvZB4axdMHGwEaQjkZzFjQiN9LVYvIFB2nSUHW9tYpxWriPrWDASIxiaXax83REcLxuSdnGPZtw=="
    },
    "@istanbuljs/schema": {
      "version": "0.1.2",
      "resolved": "https://registry.npmjs.org/@istanbuljs/schema/-/schema-0.1.2.tgz",
      "integrity": "sha512-tsAQNx32a8CoFhjhijUIhI4kccIAgmGhy8LZMZgGfmXcpMbPRUqn5LWmgRttILi6yeGmBJd2xsPkFMs0PzgPCw=="
    },
    "@types/color-name": {
      "version": "1.1.1",
      "resolved": "https://registry.npmjs.org/@types/color-name/-/color-name-1.1.1.tgz",
      "integrity": "sha512-rr+OQyAjxze7GgWrSaJwydHStIhHq2lvY3BOC2Mj7KnzI7XK0Uw1TOOdI9lDoajEbSWLiYgoo4f1R51erQfhPQ=="
    },
    "@types/graceful-fs": {
      "version": "4.1.3",
      "resolved": "https://registry.npmjs.org/@types/graceful-fs/-/graceful-fs-4.1.3.tgz",
      "integrity": "sha512-AiHRaEB50LQg0pZmm659vNBb9f4SJ0qrAnteuzhSeAUcJKxoYgEnprg/83kppCnc2zvtCKbdZry1a5pVY3lOTQ==",
      "requires": {
        "@types/node": "*"
      }
    },
    "@types/istanbul-lib-coverage": {
      "version": "2.0.1",
      "resolved": "https://registry.npmjs.org/@types/istanbul-lib-coverage/-/istanbul-lib-coverage-2.0.1.tgz",
      "integrity": "sha512-hRJD2ahnnpLgsj6KWMYSrmXkM3rm2Dl1qkx6IOFD5FnuNPXJIG5L0dhgKXCYTRMGzU4n0wImQ/xfmRc4POUFlg=="
    },
    "@types/istanbul-lib-report": {
      "version": "3.0.0",
      "resolved": "https://registry.npmjs.org/@types/istanbul-lib-report/-/istanbul-lib-report-3.0.0.tgz",
      "integrity": "sha512-plGgXAPfVKFoYfa9NpYDAkseG+g6Jr294RqeqcqDixSbU34MZVJRi/P+7Y8GDpzkEwLaGZZOpKIEmeVZNtKsrg==",
      "requires": {
        "@types/istanbul-lib-coverage": "*"
      }
    },
    "@types/istanbul-reports": {
      "version": "1.1.1",
      "resolved": "https://registry.npmjs.org/@types/istanbul-reports/-/istanbul-reports-1.1.1.tgz",
      "integrity": "sha512-UpYjBi8xefVChsCoBpKShdxTllC9pwISirfoZsUa2AAdQg/Jd2KQGtSbw+ya7GPo7x/wAPlH6JBhKhAsXUEZNA==",
      "requires": {
        "@types/istanbul-lib-coverage": "*",
        "@types/istanbul-lib-report": "*"
      }
    },
    "@types/node": {
      "version": "13.13.4",
      "resolved": "https://registry.npmjs.org/@types/node/-/node-13.13.4.tgz",
      "integrity": "sha512-x26ur3dSXgv5AwKS0lNfbjpCakGIduWU1DU91Zz58ONRWrIKGunmZBNv4P7N+e27sJkiGDsw/3fT4AtsqQBrBA=="
    },
    "@types/normalize-package-data": {
      "version": "2.4.0",
      "resolved": "https://registry.npmjs.org/@types/normalize-package-data/-/normalize-package-data-2.4.0.tgz",
      "integrity": "sha512-f5j5b/Gf71L+dbqxIpQ4Z2WlmI/mPJ0fOkGGmFgtb6sAu97EPczzbS3/tJKxmcYDj55OX6ssqwDAWOHIYDRDGA=="
    },
    "@types/prettier": {
      "version": "1.19.1",
      "resolved": "https://registry.npmjs.org/@types/prettier/-/prettier-1.19.1.tgz",
      "integrity": "sha512-5qOlnZscTn4xxM5MeGXAMOsIOIKIbh9e85zJWfBRVPlRMEVawzoPhINYbRGkBZCI8LxvBe7tJCdWiarA99OZfQ=="
    },
    "@types/stack-utils": {
      "version": "1.0.1",
      "resolved": "https://registry.npmjs.org/@types/stack-utils/-/stack-utils-1.0.1.tgz",
      "integrity": "sha512-l42BggppR6zLmpfU6fq9HEa2oGPEI8yrSPL3GITjfRInppYFahObbIQOQK3UGxEnyQpltZLaPe75046NOZQikw=="
    },
    "@types/yargs": {
      "version": "15.0.4",
      "resolved": "https://registry.npmjs.org/@types/yargs/-/yargs-15.0.4.tgz",
      "integrity": "sha512-9T1auFmbPZoxHz0enUFlUuKRy3it01R+hlggyVUMtnCTQRunsQYifnSGb8hET4Xo8yiC0o0r1paW3ud5+rbURg==",
      "requires": {
        "@types/yargs-parser": "*"
      }
    },
    "@types/yargs-parser": {
      "version": "15.0.0",
      "resolved": "https://registry.npmjs.org/@types/yargs-parser/-/yargs-parser-15.0.0.tgz",
      "integrity": "sha512-FA/BWv8t8ZWJ+gEOnLLd8ygxH/2UFbAvgEonyfN6yWGLKc7zVjbpl2Y4CTjid9h2RfgPP6SEt6uHwEOply00yw=="
    },
    "abab": {
      "version": "2.0.3",
      "resolved": "https://registry.npmjs.org/abab/-/abab-2.0.3.tgz",
      "integrity": "sha512-tsFzPpcttalNjFBCFMqsKYQcWxxen1pgJR56by//QwvJc4/OUS3kPOOttx2tSIfjsylB0pYu7f5D3K1RCxUnUg=="
    },
    "acorn": {
      "version": "7.1.1",
      "resolved": "https://registry.npmjs.org/acorn/-/acorn-7.1.1.tgz",
      "integrity": "sha512-add7dgA5ppRPxCFJoAGfMDi7PIBXq1RtGo7BhbLaxwrXPOmw8gq48Y9ozT01hUKy9byMjlR20EJhu5zlkErEkg=="
    },
    "acorn-globals": {
      "version": "4.3.4",
      "resolved": "https://registry.npmjs.org/acorn-globals/-/acorn-globals-4.3.4.tgz",
      "integrity": "sha512-clfQEh21R+D0leSbUdWf3OcfqyaCSAQ8Ryq00bofSekfr9W8u1jyYZo6ir0xu9Gtcf7BjcHJpnbZH7JOCpP60A==",
      "requires": {
        "acorn": "^6.0.1",
        "acorn-walk": "^6.0.1"
      },
      "dependencies": {
        "acorn": {
          "version": "6.4.1",
          "resolved": "https://registry.npmjs.org/acorn/-/acorn-6.4.1.tgz",
          "integrity": "sha512-ZVA9k326Nwrj3Cj9jlh3wGFutC2ZornPNARZwsNYqQYgN0EsV2d53w5RN/co65Ohn4sUAUtb1rSUAOD6XN9idA=="
        }
      }
    },
    "acorn-walk": {
      "version": "6.2.0",
      "resolved": "https://registry.npmjs.org/acorn-walk/-/acorn-walk-6.2.0.tgz",
      "integrity": "sha512-7evsyfH1cLOCdAzZAd43Cic04yKydNx0cF+7tiA19p1XnLLPU4dpCQOqpjqwokFe//vS0QqfqqjCS2JkiIs0cA=="
    },
    "ansi-escapes": {
      "version": "4.3.1",
      "resolved": "https://registry.npmjs.org/ansi-escapes/-/ansi-escapes-4.3.1.tgz",
      "integrity": "sha512-JWF7ocqNrp8u9oqpgV+wH5ftbt+cfvv+PTjOvKLT3AdYly/LmORARfEVT1iyjwN+4MqE5UmVKoAdIBqeoCHgLA==",
      "requires": {
        "type-fest": "^0.11.0"
      },
      "dependencies": {
        "type-fest": {
          "version": "0.11.0",
          "resolved": "https://registry.npmjs.org/type-fest/-/type-fest-0.11.0.tgz",
          "integrity": "sha512-OdjXJxnCN1AvyLSzeKIgXTXxV+99ZuXl3Hpo9XpJAv9MBcHrrJOQ5kV7ypXOuQie+AmWG25hLbiKdwYTifzcfQ=="
        }
      }
    },
    "ansi-regex": {
      "version": "4.1.0",
      "resolved": "https://registry.npmjs.org/ansi-regex/-/ansi-regex-4.1.0.tgz",
      "integrity": "sha512-1apePfXM1UOSqw0o9IiFAovVz9M5S1Dg+4TrDwfMewQ6p/rmMueb7tWZjQ1rx4Loy1ArBggoqGpfqqdI4rondg=="
    },
    "arr-diff": {
      "version": "4.0.0",
      "resolved": "https://registry.npmjs.org/arr-diff/-/arr-diff-4.0.0.tgz",
      "integrity": "sha1-1kYQdP6/7HHn4VI1dhoyml3HxSA="
    },
    "arr-flatten": {
      "version": "1.1.0",
      "resolved": "https://registry.npmjs.org/arr-flatten/-/arr-flatten-1.1.0.tgz",
      "integrity": "sha512-L3hKV5R/p5o81R7O02IGnwpDmkp6E982XhtbuwSe3O4qOtMMMtodicASA1Cny2U+aCXcNpml+m4dPsvsJ3jatg=="
    },
    "arr-union": {
      "version": "3.1.0",
      "resolved": "https://registry.npmjs.org/arr-union/-/arr-union-3.1.0.tgz",
      "integrity": "sha1-45sJrqne+Gao8gbiiK9jkZuuOcQ="
    },
    "array-equal": {
      "version": "1.0.0",
      "resolved": "https://registry.npmjs.org/array-equal/-/array-equal-1.0.0.tgz",
      "integrity": "sha1-jCpe8kcv2ep0KwTHenUJO6J1fJM="
    },
    "array-unique": {
      "version": "0.3.2",
      "resolved": "https://registry.npmjs.org/array-unique/-/array-unique-0.3.2.tgz",
      "integrity": "sha1-qJS3XUvE9s1nnvMkSp/Y9Gri1Cg="
    },
    "assert-plus": {
      "version": "1.0.0",
      "resolved": "https://registry.npmjs.org/assert-plus/-/assert-plus-1.0.0.tgz",
      "integrity": "sha1-8S4PPF13sLHN2RRpQuTpbB5N1SU="
    },
    "assign-symbols": {
      "version": "1.0.0",
      "resolved": "https://registry.npmjs.org/assign-symbols/-/assign-symbols-1.0.0.tgz",
      "integrity": "sha1-WWZ/QfrdTyDMvCu5a41Pf3jsA2c="
    },
    "astral-regex": {
      "version": "1.0.0",
      "resolved": "https://registry.npmjs.org/astral-regex/-/astral-regex-1.0.0.tgz",
      "integrity": "sha512-+Ryf6g3BKoRc7jfp7ad8tM4TtMiaWvbF/1/sQcZPkkS7ag3D5nMBCe2UfOTONtAkaG0tO0ij3C5Lwmf1EiyjHg=="
    },
    "asynckit": {
      "version": "0.4.0",
      "resolved": "https://registry.npmjs.org/asynckit/-/asynckit-0.4.0.tgz",
      "integrity": "sha1-x57Zf380y48robyXkLzDZkdLS3k="
    },
    "atob": {
      "version": "2.1.2",
      "resolved": "https://registry.npmjs.org/atob/-/atob-2.1.2.tgz",
      "integrity": "sha512-Wm6ukoaOGJi/73p/cl2GvLjTI5JM1k/O14isD73YML8StrH/7/lRFgmg8nICZgD3bZZvjwCGxtMOD3wWNAu8cg=="
    },
    "aws-sign2": {
      "version": "0.7.0",
      "resolved": "https://registry.npmjs.org/aws-sign2/-/aws-sign2-0.7.0.tgz",
      "integrity": "sha1-tG6JCTSpWR8tL2+G1+ap8bP+dqg="
    },
    "aws4": {
      "version": "1.9.1",
      "resolved": "https://registry.npmjs.org/aws4/-/aws4-1.9.1.tgz",
      "integrity": "sha512-wMHVg2EOHaMRxbzgFJ9gtjOOCrI80OHLG14rxi28XwOW8ux6IiEbRCGGGqCtdAIg4FQCbW20k9RsT4y3gJlFug=="
    }
  }
}
